// !$*UTF8*$!
{
	archiveVersion = 1;
	classes = {
	};
	objectVersion = 50;
	objects = {

/* Begin PBXBuildFile section */
		9F5C6CFF24CEAED80040F44D /* AppDelegate.swift in Sources */ = {isa = PBXBuildFile; fileRef = 9F5C6CFE24CEAED80040F44D /* AppDelegate.swift */; };
		9F5C6D0124CEAED80040F44D /* SceneDelegate.swift in Sources */ = {isa = PBXBuildFile; fileRef = 9F5C6D0024CEAED80040F44D /* SceneDelegate.swift */; };
		9F5C6D0324CEAED80040F44D /* ViewController.swift in Sources */ = {isa = PBXBuildFile; fileRef = 9F5C6D0224CEAED80040F44D /* ViewController.swift */; };
		9F5C6D0624CEAED80040F44D /* Main.storyboard in Resources */ = {isa = PBXBuildFile; fileRef = 9F5C6D0424CEAED80040F44D /* Main.storyboard */; };
		9F5C6D0824CEAEDA0040F44D /* Assets.xcassets in Resources */ = {isa = PBXBuildFile; fileRef = 9F5C6D0724CEAEDA0040F44D /* Assets.xcassets */; };
		9F5C6D0B24CEAEDA0040F44D /* LaunchScreen.storyboard in Resources */ = {isa = PBXBuildFile; fileRef = 9F5C6D0924CEAEDA0040F44D /* LaunchScreen.storyboard */; };
		9F5C6D1624CEAEDA0040F44D /* ThemovieDBwithMoyaTests.swift in Sources */ = {isa = PBXBuildFile; fileRef = 9F5C6D1524CEAEDA0040F44D /* ThemovieDBwithMoyaTests.swift */; };
		9F5C6D2124CEAEDA0040F44D /* ThemovieDBwithMoyaUITests.swift in Sources */ = {isa = PBXBuildFile; fileRef = 9F5C6D2024CEAEDA0040F44D /* ThemovieDBwithMoyaUITests.swift */; };
/* End PBXBuildFile section */

/* Begin PBXContainerItemProxy section */
		9F5C6D1224CEAEDA0040F44D /* PBXContainerItemProxy */ = {
			isa = PBXContainerItemProxy;
			containerPortal = 9F5C6CF324CEAED80040F44D /* Project object */;
			proxyType = 1;
			remoteGlobalIDString = 9F5C6CFA24CEAED80040F44D;
			remoteInfo = ThemovieDBwithMoya;
		};
		9F5C6D1D24CEAEDA0040F44D /* PBXContainerItemProxy */ = {
			isa = PBXContainerItemProxy;
			containerPortal = 9F5C6CF324CEAED80040F44D /* Project object */;
			proxyType = 1;
			remoteGlobalIDString = 9F5C6CFA24CEAED80040F44D;
			remoteInfo = ThemovieDBwithMoya;
		};
/* End PBXContainerItemProxy section */

/* Begin PBXFileReference section */
		9F5C6CFB24CEAED80040F44D /* ThemovieDBwithMoya.app */ = {isa = PBXFileReference; explicitFileType = wrapper.application; includeInIndex = 0; path = ThemovieDBwithMoya.app; sourceTree = BUILT_PRODUCTS_DIR; };
		9F5C6CFE24CEAED80040F44D /* AppDelegate.swift */ = {isa = PBXFileReference; lastKnownFileType = sourcecode.swift; path = AppDelegate.swift; sourceTree = "<group>"; };
		9F5C6D0024CEAED80040F44D /* SceneDelegate.swift */ = {isa = PBXFileReference; lastKnownFileType = sourcecode.swift; path = SceneDelegate.swift; sourceTree = "<group>"; };
		9F5C6D0224CEAED80040F44D /* ViewController.swift */ = {isa = PBXFileReference; lastKnownFileType = sourcecode.swift; path = ViewController.swift; sourceTree = "<group>"; };
		9F5C6D0524CEAED80040F44D /* Base */ = {isa = PBXFileReference; lastKnownFileType = file.storyboard; name = Base; path = Base.lproj/Main.storyboard; sourceTree = "<group>"; };
		9F5C6D0724CEAEDA0040F44D /* Assets.xcassets */ = {isa = PBXFileReference; lastKnownFileType = folder.assetcatalog; path = Assets.xcassets; sourceTree = "<group>"; };
		9F5C6D0A24CEAEDA0040F44D /* Base */ = {isa = PBXFileReference; lastKnownFileType = file.storyboard; name = Base; path = Base.lproj/LaunchScreen.storyboard; sourceTree = "<group>"; };
		9F5C6D0C24CEAEDA0040F44D /* Info.plist */ = {isa = PBXFileReference; lastKnownFileType = text.plist.xml; path = Info.plist; sourceTree = "<group>"; };
		9F5C6D1124CEAEDA0040F44D /* ThemovieDBwithMoyaTests.xctest */ = {isa = PBXFileReference; explicitFileType = wrapper.cfbundle; includeInIndex = 0; path = ThemovieDBwithMoyaTests.xctest; sourceTree = BUILT_PRODUCTS_DIR; };
		9F5C6D1524CEAEDA0040F44D /* ThemovieDBwithMoyaTests.swift */ = {isa = PBXFileReference; lastKnownFileType = sourcecode.swift; path = ThemovieDBwithMoyaTests.swift; sourceTree = "<group>"; };
		9F5C6D1724CEAEDA0040F44D /* Info.plist */ = {isa = PBXFileReference; lastKnownFileType = text.plist.xml; path = Info.plist; sourceTree = "<group>"; };
		9F5C6D1C24CEAEDA0040F44D /* ThemovieDBwithMoyaUITests.xctest */ = {isa = PBXFileReference; explicitFileType = wrapper.cfbundle; includeInIndex = 0; path = ThemovieDBwithMoyaUITests.xctest; sourceTree = BUILT_PRODUCTS_DIR; };
		9F5C6D2024CEAEDA0040F44D /* ThemovieDBwithMoyaUITests.swift */ = {isa = PBXFileReference; lastKnownFileType = sourcecode.swift; path = ThemovieDBwithMoyaUITests.swift; sourceTree = "<group>"; };
		9F5C6D2224CEAEDA0040F44D /* Info.plist */ = {isa = PBXFileReference; lastKnownFileType = text.plist.xml; path = Info.plist; sourceTree = "<group>"; };
/* End PBXFileReference section */

/* Begin PBXFrameworksBuildPhase section */
		9F5C6CF824CEAED80040F44D /* Frameworks */ = {
			isa = PBXFrameworksBuildPhase;
			buildActionMask = 2147483647;
			files = (
			);
			runOnlyForDeploymentPostprocessing = 0;
		};
		9F5C6D0E24CEAEDA0040F44D /* Frameworks */ = {
			isa = PBXFrameworksBuildPhase;
			buildActionMask = 2147483647;
			files = (
			);
			runOnlyForDeploymentPostprocessing = 0;
		};
		9F5C6D1924CEAEDA0040F44D /* Frameworks */ = {
			isa = PBXFrameworksBuildPhase;
			buildActionMask = 2147483647;
			files = (
			);
			runOnlyForDeploymentPostprocessing = 0;
		};
/* End PBXFrameworksBuildPhase section */

/* Begin PBXGroup section */
		9F5C6CF224CEAED80040F44D = {
			isa = PBXGroup;
			children = (
				9F5C6CFD24CEAED80040F44D /* ThemovieDBwithMoya */,
				9F5C6D1424CEAEDA0040F44D /* ThemovieDBwithMoyaTests */,
				9F5C6D1F24CEAEDA0040F44D /* ThemovieDBwithMoyaUITests */,
				9F5C6CFC24CEAED80040F44D /* Products */,
			);
			sourceTree = "<group>";
		};
		9F5C6CFC24CEAED80040F44D /* Products */ = {
			isa = PBXGroup;
			children = (
				9F5C6CFB24CEAED80040F44D /* ThemovieDBwithMoya.app */,
				9F5C6D1124CEAEDA0040F44D /* ThemovieDBwithMoyaTests.xctest */,
				9F5C6D1C24CEAEDA0040F44D /* ThemovieDBwithMoyaUITests.xctest */,
			);
			name = Products;
			sourceTree = "<group>";
		};
		9F5C6CFD24CEAED80040F44D /* ThemovieDBwithMoya */ = {
			isa = PBXGroup;
			children = (
				9F5C6CFE24CEAED80040F44D /* AppDelegate.swift */,
				9F5C6D0024CEAED80040F44D /* SceneDelegate.swift */,
				9F5C6D0224CEAED80040F44D /* ViewController.swift */,
				9F5C6D0424CEAED80040F44D /* Main.storyboard */,
				9F5C6D0724CEAEDA0040F44D /* Assets.xcassets */,
				9F5C6D0924CEAEDA0040F44D /* LaunchScreen.storyboard */,
				9F5C6D0C24CEAEDA0040F44D /* Info.plist */,
			);
			path = ThemovieDBwithMoya;
			sourceTree = "<group>";
		};
		9F5C6D1424CEAEDA0040F44D /* ThemovieDBwithMoyaTests */ = {
			isa = PBXGroup;
			children = (
				9F5C6D1524CEAEDA0040F44D /* ThemovieDBwithMoyaTests.swift */,
				9F5C6D1724CEAEDA0040F44D /* Info.plist */,
			);
			path = ThemovieDBwithMoyaTests;
			sourceTree = "<group>";
		};
		9F5C6D1F24CEAEDA0040F44D /* ThemovieDBwithMoyaUITests */ = {
			isa = PBXGroup;
			children = (
				9F5C6D2024CEAEDA0040F44D /* ThemovieDBwithMoyaUITests.swift */,
				9F5C6D2224CEAEDA0040F44D /* Info.plist */,
			);
			path = ThemovieDBwithMoyaUITests;
			sourceTree = "<group>";
		};
/* End PBXGroup section */

/* Begin PBXNativeTarget section */
		9F5C6CFA24CEAED80040F44D /* ThemovieDBwithMoya */ = {
			isa = PBXNativeTarget;
			buildConfigurationList = 9F5C6D2524CEAEDA0040F44D /* Build configuration list for PBXNativeTarget "ThemovieDBwithMoya" */;
			buildPhases = (
				9F5C6CF724CEAED80040F44D /* Sources */,
				9F5C6CF824CEAED80040F44D /* Frameworks */,
				9F5C6CF924CEAED80040F44D /* Resources */,
			);
			buildRules = (
			);
			dependencies = (
			);
			name = ThemovieDBwithMoya;
			productName = ThemovieDBwithMoya;
			productReference = 9F5C6CFB24CEAED80040F44D /* ThemovieDBwithMoya.app */;
			productType = "com.apple.product-type.application";
		};
		9F5C6D1024CEAEDA0040F44D /* ThemovieDBwithMoyaTests */ = {
			isa = PBXNativeTarget;
			buildConfigurationList = 9F5C6D2824CEAEDA0040F44D /* Build configuration list for PBXNativeTarget "ThemovieDBwithMoyaTests" */;
			buildPhases = (
				9F5C6D0D24CEAEDA0040F44D /* Sources */,
				9F5C6D0E24CEAEDA0040F44D /* Frameworks */,
				9F5C6D0F24CEAEDA0040F44D /* Resources */,
			);
			buildRules = (
			);
			dependencies = (
				9F5C6D1324CEAEDA0040F44D /* PBXTargetDependency */,
			);
			name = ThemovieDBwithMoyaTests;
			productName = ThemovieDBwithMoyaTests;
			productReference = 9F5C6D1124CEAEDA0040F44D /* ThemovieDBwithMoyaTests.xctest */;
			productType = "com.apple.product-type.bundle.unit-test";
		};
		9F5C6D1B24CEAEDA0040F44D /* ThemovieDBwithMoyaUITests */ = {
			isa = PBXNativeTarget;
			buildConfigurationList = 9F5C6D2B24CEAEDA0040F44D /* Build configuration list for PBXNativeTarget "ThemovieDBwithMoyaUITests" */;
			buildPhases = (
				9F5C6D1824CEAEDA0040F44D /* Sources */,
				9F5C6D1924CEAEDA0040F44D /* Frameworks */,
				9F5C6D1A24CEAEDA0040F44D /* Resources */,
			);
			buildRules = (
			);
			dependencies = (
				9F5C6D1E24CEAEDA0040F44D /* PBXTargetDependency */,
			);
			name = ThemovieDBwithMoyaUITests;
			productName = ThemovieDBwithMoyaUITests;
			productReference = 9F5C6D1C24CEAEDA0040F44D /* ThemovieDBwithMoyaUITests.xctest */;
			productType = "com.apple.product-type.bundle.ui-testing";
		};
/* End PBXNativeTarget section */

/* Begin PBXProject section */
		9F5C6CF324CEAED80040F44D /* Project object */ = {
			isa = PBXProject;
			attributes = {
				LastSwiftUpdateCheck = 1160;
				LastUpgradeCheck = 1160;
				ORGANIZATIONNAME = TeddyKwak;
				TargetAttributes = {
					9F5C6CFA24CEAED80040F44D = {
						CreatedOnToolsVersion = 11.6;
					};
					9F5C6D1024CEAEDA0040F44D = {
						CreatedOnToolsVersion = 11.6;
						TestTargetID = 9F5C6CFA24CEAED80040F44D;
					};
					9F5C6D1B24CEAEDA0040F44D = {
						CreatedOnToolsVersion = 11.6;
						TestTargetID = 9F5C6CFA24CEAED80040F44D;
					};
				};
			};
			buildConfigurationList = 9F5C6CF624CEAED80040F44D /* Build configuration list for PBXProject "ThemovieDBwithMoya" */;
			compatibilityVersion = "Xcode 9.3";
			developmentRegion = en;
			hasScannedForEncodings = 0;
			knownRegions = (
				en,
				Base,
			);
			mainGroup = 9F5C6CF224CEAED80040F44D;
			productRefGroup = 9F5C6CFC24CEAED80040F44D /* Products */;
			projectDirPath = "";
			projectRoot = "";
			targets = (
				9F5C6CFA24CEAED80040F44D /* ThemovieDBwithMoya */,
				9F5C6D1024CEAEDA0040F44D /* ThemovieDBwithMoyaTests */,
				9F5C6D1B24CEAEDA0040F44D /* ThemovieDBwithMoyaUITests */,
			);
		};
/* End PBXProject section */

/* Begin PBXResourcesBuildPhase section */
		9F5C6CF924CEAED80040F44D /* Resources */ = {
			isa = PBXResourcesBuildPhase;
			buildActionMask = 2147483647;
			files = (
				9F5C6D0B24CEAEDA0040F44D /* LaunchScreen.storyboard in Resources */,
				9F5C6D0824CEAEDA0040F44D /* Assets.xcassets in Resources */,
				9F5C6D0624CEAED80040F44D /* Main.storyboard in Resources */,
			);
			runOnlyForDeploymentPostprocessing = 0;
		};
		9F5C6D0F24CEAEDA0040F44D /* Resources */ = {
			isa = PBXResourcesBuildPhase;
			buildActionMask = 2147483647;
			files = (
			);
			runOnlyForDeploymentPostprocessing = 0;
		};
		9F5C6D1A24CEAEDA0040F44D /* Resources */ = {
			isa = PBXResourcesBuildPhase;
			buildActionMask = 2147483647;
			files = (
			);
			runOnlyForDeploymentPostprocessing = 0;
		};
/* End PBXResourcesBuildPhase section */

/* Begin PBXSourcesBuildPhase section */
		9F5C6CF724CEAED80040F44D /* Sources */ = {
			isa = PBXSourcesBuildPhase;
			buildActionMask = 2147483647;
			files = (
				9F5C6D0324CEAED80040F44D /* ViewController.swift in Sources */,
				9F5C6CFF24CEAED80040F44D /* AppDelegate.swift in Sources */,
				9F5C6D0124CEAED80040F44D /* SceneDelegate.swift in Sources */,
			);
			runOnlyForDeploymentPostprocessing = 0;
		};
		9F5C6D0D24CEAEDA0040F44D /* Sources */ = {
			isa = PBXSourcesBuildPhase;
			buildActionMask = 2147483647;
			files = (
				9F5C6D1624CEAEDA0040F44D /* ThemovieDBwithMoyaTests.swift in Sources */,
			);
			runOnlyForDeploymentPostprocessing = 0;
		};
		9F5C6D1824CEAEDA0040F44D /* Sources */ = {
			isa = PBXSourcesBuildPhase;
			buildActionMask = 2147483647;
			files = (
				9F5C6D2124CEAEDA0040F44D /* ThemovieDBwithMoyaUITests.swift in Sources */,
			);
			runOnlyForDeploymentPostprocessing = 0;
		};
/* End PBXSourcesBuildPhase section */

/* Begin PBXTargetDependency section */
		9F5C6D1324CEAEDA0040F44D /* PBXTargetDependency */ = {
			isa = PBXTargetDependency;
			target = 9F5C6CFA24CEAED80040F44D /* ThemovieDBwithMoya */;
			targetProxy = 9F5C6D1224CEAEDA0040F44D /* PBXContainerItemProxy */;
		};
		9F5C6D1E24CEAEDA0040F44D /* PBXTargetDependency */ = {
			isa = PBXTargetDependency;
			target = 9F5C6CFA24CEAED80040F44D /* ThemovieDBwithMoya */;
			targetProxy = 9F5C6D1D24CEAEDA0040F44D /* PBXContainerItemProxy */;
		};
/* End PBXTargetDependency section */

/* Begin PBXVariantGroup section */
		9F5C6D0424CEAED80040F44D /* Main.storyboard */ = {
			isa = PBXVariantGroup;
			children = (
				9F5C6D0524CEAED80040F44D /* Base */,
			);
			name = Main.storyboard;
			sourceTree = "<group>";
		};
		9F5C6D0924CEAEDA0040F44D /* LaunchScreen.storyboard */ = {
			isa = PBXVariantGroup;
			children = (
				9F5C6D0A24CEAEDA0040F44D /* Base */,
			);
			name = LaunchScreen.storyboard;
			sourceTree = "<group>";
		};
/* End PBXVariantGroup section */

/* Begin XCBuildConfiguration section */
		9F5C6D2324CEAEDA0040F44D /* Debug */ = {
			isa = XCBuildConfiguration;
			buildSettings = {
				ALWAYS_SEARCH_USER_PATHS = NO;
				CLANG_ANALYZER_NONNULL = YES;
				CLANG_ANALYZER_NUMBER_OBJECT_CONVERSION = YES_AGGRESSIVE;
				CLANG_CXX_LANGUAGE_STANDARD = "gnu++14";
				CLANG_CXX_LIBRARY = "libc++";
				CLANG_ENABLE_MODULES = YES;
				CLANG_ENABLE_OBJC_ARC = YES;
				CLANG_ENABLE_OBJC_WEAK = YES;
				CLANG_WARN_BLOCK_CAPTURE_AUTORELEASING = YES;
				CLANG_WARN_BOOL_CONVERSION = YES;
				CLANG_WARN_COMMA = YES;
				CLANG_WARN_CONSTANT_CONVERSION = YES;
				CLANG_WARN_DEPRECATED_OBJC_IMPLEMENTATIONS = YES;
				CLANG_WARN_DIRECT_OBJC_ISA_USAGE = YES_ERROR;
				CLANG_WARN_DOCUMENTATION_COMMENTS = YES;
				CLANG_WARN_EMPTY_BODY = YES;
				CLANG_WARN_ENUM_CONVERSION = YES;
				CLANG_WARN_INFINITE_RECURSION = YES;
				CLANG_WARN_INT_CONVERSION = YES;
				CLANG_WARN_NON_LITERAL_NULL_CONVERSION = YES;
				CLANG_WARN_OBJC_IMPLICIT_RETAIN_SELF = YES;
				CLANG_WARN_OBJC_LITERAL_CONVERSION = YES;
				CLANG_WARN_OBJC_ROOT_CLASS = YES_ERROR;
				CLANG_WARN_RANGE_LOOP_ANALYSIS = YES;
				CLANG_WARN_STRICT_PROTOTYPES = YES;
				CLANG_WARN_SUSPICIOUS_MOVE = YES;
				CLANG_WARN_UNGUARDED_AVAILABILITY = YES_AGGRESSIVE;
				CLANG_WARN_UNREACHABLE_CODE = YES;
				CLANG_WARN__DUPLICATE_METHOD_MATCH = YES;
				COPY_PHASE_STRIP = NO;
				DEBUG_INFORMATION_FORMAT = dwarf;
				ENABLE_STRICT_OBJC_MSGSEND = YES;
				ENABLE_TESTABILITY = YES;
				GCC_C_LANGUAGE_STANDARD = gnu11;
				GCC_DYNAMIC_NO_PIC = NO;
				GCC_NO_COMMON_BLOCKS = YES;
				GCC_OPTIMIZATION_LEVEL = 0;
				GCC_PREPROCESSOR_DEFINITIONS = (
					"DEBUG=1",
					"$(inherited)",
				);
				GCC_WARN_64_TO_32_BIT_CONVERSION = YES;
				GCC_WARN_ABOUT_RETURN_TYPE = YES_ERROR;
				GCC_WARN_UNDECLARED_SELECTOR = YES;
				GCC_WARN_UNINITIALIZED_AUTOS = YES_AGGRESSIVE;
				GCC_WARN_UNUSED_FUNCTION = YES;
				GCC_WARN_UNUSED_VARIABLE = YES;
				IPHONEOS_DEPLOYMENT_TARGET = 13.6;
				MTL_ENABLE_DEBUG_INFO = INCLUDE_SOURCE;
				MTL_FAST_MATH = YES;
				ONLY_ACTIVE_ARCH = YES;
				SDKROOT = iphoneos;
				SWIFT_ACTIVE_COMPILATION_CONDITIONS = DEBUG;
				SWIFT_OPTIMIZATION_LEVEL = "-Onone";
			};
			name = Debug;
		};
		9F5C6D2424CEAEDA0040F44D /* Release */ = {
			isa = XCBuildConfiguration;
			buildSettings = {
				ALWAYS_SEARCH_USER_PATHS = NO;
				CLANG_ANALYZER_NONNULL = YES;
				CLANG_ANALYZER_NUMBER_OBJECT_CONVERSION = YES_AGGRESSIVE;
				CLANG_CXX_LANGUAGE_STANDARD = "gnu++14";
				CLANG_CXX_LIBRARY = "libc++";
				CLANG_ENABLE_MODULES = YES;
				CLANG_ENABLE_OBJC_ARC = YES;
				CLANG_ENABLE_OBJC_WEAK = YES;
				CLANG_WARN_BLOCK_CAPTURE_AUTORELEASING = YES;
				CLANG_WARN_BOOL_CONVERSION = YES;
				CLANG_WARN_COMMA = YES;
				CLANG_WARN_CONSTANT_CONVERSION = YES;
				CLANG_WARN_DEPRECATED_OBJC_IMPLEMENTATIONS = YES;
				CLANG_WARN_DIRECT_OBJC_ISA_USAGE = YES_ERROR;
				CLANG_WARN_DOCUMENTATION_COMMENTS = YES;
				CLANG_WARN_EMPTY_BODY = YES;
				CLANG_WARN_ENUM_CONVERSION = YES;
				CLANG_WARN_INFINITE_RECURSION = YES;
				CLANG_WARN_INT_CONVERSION = YES;
				CLANG_WARN_NON_LITERAL_NULL_CONVERSION = YES;
				CLANG_WARN_OBJC_IMPLICIT_RETAIN_SELF = YES;
				CLANG_WARN_OBJC_LITERAL_CONVERSION = YES;
				CLANG_WARN_OBJC_ROOT_CLASS = YES_ERROR;
				CLANG_WARN_RANGE_LOOP_ANALYSIS = YES;
				CLANG_WARN_STRICT_PROTOTYPES = YES;
				CLANG_WARN_SUSPICIOUS_MOVE = YES;
				CLANG_WARN_UNGUARDED_AVAILABILITY = YES_AGGRESSIVE;
				CLANG_WARN_UNREACHABLE_CODE = YES;
				CLANG_WARN__DUPLICATE_METHOD_MATCH = YES;
				COPY_PHASE_STRIP = NO;
				DEBUG_INFORMATION_FORMAT = "dwarf-with-dsym";
				ENABLE_NS_ASSERTIONS = NO;
				ENABLE_STRICT_OBJC_MSGSEND = YES;
				GCC_C_LANGUAGE_STANDARD = gnu11;
				GCC_NO_COMMON_BLOCKS = YES;
				GCC_WARN_64_TO_32_BIT_CONVERSION = YES;
				GCC_WARN_ABOUT_RETURN_TYPE = YES_ERROR;
				GCC_WARN_UNDECLARED_SELECTOR = YES;
				GCC_WARN_UNINITIALIZED_AUTOS = YES_AGGRESSIVE;
				GCC_WARN_UNUSED_FUNCTION = YES;
				GCC_WARN_UNUSED_VARIABLE = YES;
				IPHONEOS_DEPLOYMENT_TARGET = 13.6;
				MTL_ENABLE_DEBUG_INFO = NO;
				MTL_FAST_MATH = YES;
				SDKROOT = iphoneos;
				SWIFT_COMPILATION_MODE = wholemodule;
				SWIFT_OPTIMIZATION_LEVEL = "-O";
				VALIDATE_PRODUCT = YES;
			};
			name = Release;
		};
		9F5C6D2624CEAEDA0040F44D /* Debug */ = {
			isa = XCBuildConfiguration;
			buildSettings = {
				ASSETCATALOG_COMPILER_APPICON_NAME = AppIcon;
				CODE_SIGN_STYLE = Automatic;
				INFOPLIST_FILE = ThemovieDBwithMoya/Info.plist;
				LD_RUNPATH_SEARCH_PATHS = (
					"$(inherited)",
					"@executable_path/Frameworks",
				);
				PRODUCT_BUNDLE_IDENTIFIER = com.teddy.ThemovieDBwithMoya;
				PRODUCT_NAME = "$(TARGET_NAME)";
				SWIFT_VERSION = 5.0;
				TARGETED_DEVICE_FAMILY = "1,2";
			};
			name = Debug;
		};
		9F5C6D2724CEAEDA0040F44D /* Release */ = {
			isa = XCBuildConfiguration;
			buildSettings = {
				ASSETCATALOG_COMPILER_APPICON_NAME = AppIcon;
				CODE_SIGN_STYLE = Automatic;
				INFOPLIST_FILE = ThemovieDBwithMoya/Info.plist;
				LD_RUNPATH_SEARCH_PATHS = (
					"$(inherited)",
					"@executable_path/Frameworks",
				);
				PRODUCT_BUNDLE_IDENTIFIER = com.teddy.ThemovieDBwithMoya;
				PRODUCT_NAME = "$(TARGET_NAME)";
				SWIFT_VERSION = 5.0;
				TARGETED_DEVICE_FAMILY = "1,2";
			};
			name = Release;
		};
		9F5C6D2924CEAEDA0040F44D /* Debug */ = {
			isa = XCBuildConfiguration;
			buildSettings = {
				ALWAYS_EMBED_SWIFT_STANDARD_LIBRARIES = YES;
				BUNDLE_LOADER = "$(TEST_HOST)";
				CODE_SIGN_STYLE = Automatic;
				INFOPLIST_FILE = ThemovieDBwithMoyaTests/Info.plist;
				IPHONEOS_DEPLOYMENT_TARGET = 13.6;
				LD_RUNPATH_SEARCH_PATHS = (
					"$(inherited)",
					"@executable_path/Frameworks",
					"@loader_path/Frameworks",
				);
				PRODUCT_BUNDLE_IDENTIFIER = com.teddy.ThemovieDBwithMoyaTests;
				PRODUCT_NAME = "$(TARGET_NAME)";
				SWIFT_VERSION = 5.0;
				TARGETED_DEVICE_FAMILY = "1,2";
				TEST_HOST = "$(BUILT_PRODUCTS_DIR)/ThemovieDBwithMoya.app/ThemovieDBwithMoya";
			};
			name = Debug;
		};
		9F5C6D2A24CEAEDA0040F44D /* Release */ = {
			isa = XCBuildConfiguration;
			buildSettings = {
				ALWAYS_EMBED_SWIFT_STANDARD_LIBRARIES = YES;
				BUNDLE_LOADER = "$(TEST_HOST)";
				CODE_SIGN_STYLE = Automatic;
				INFOPLIST_FILE = ThemovieDBwithMoyaTests/Info.plist;
				IPHONEOS_DEPLOYMENT_TARGET = 13.6;
				LD_RUNPATH_SEARCH_PATHS = (
					"$(inherited)",
					"@executable_path/Frameworks",
					"@loader_path/Frameworks",
				);
				PRODUCT_BUNDLE_IDENTIFIER = com.teddy.ThemovieDBwithMoyaTests;
				PRODUCT_NAME = "$(TARGET_NAME)";
				SWIFT_VERSION = 5.0;
				TARGETED_DEVICE_FAMILY = "1,2";
				TEST_HOST = "$(BUILT_PRODUCTS_DIR)/ThemovieDBwithMoya.app/ThemovieDBwithMoya";
			};
			name = Release;
		};
		9F5C6D2C24CEAEDA0040F44D /* Debug */ = {
			isa = XCBuildConfiguration;
			buildSettings = {
				ALWAYS_EMBED_SWIFT_STANDARD_LIBRARIES = YES;
				CODE_SIGN_STYLE = Automatic;
				INFOPLIST_FILE = ThemovieDBwithMoyaUITests/Info.plist;
				LD_RUNPATH_SEARCH_PATHS = (
					"$(inherited)",
					"@executable_path/Frameworks",
					"@loader_path/Frameworks",
				);
				PRODUCT_BUNDLE_IDENTIFIER = com.teddy.ThemovieDBwithMoyaUITests;
				PRODUCT_NAME = "$(TARGET_NAME)";
				SWIFT_VERSION = 5.0;
				TARGETED_DEVICE_FAMILY = "1,2";
				TEST_TARGET_NAME = ThemovieDBwithMoya;
			};
			name = Debug;
		};
		9F5C6D2D24CEAEDA0040F44D /* Release */ = {
			isa = XCBuildConfiguration;
			buildSettings = {
				ALWAYS_EMBED_SWIFT_STANDARD_LIBRARIES = YES;
				CODE_SIGN_STYLE = Automatic;
				INFOPLIST_FILE = ThemovieDBwithMoyaUITests/Info.plist;
				LD_RUNPATH_SEARCH_PATHS = (
					"$(inherited)",
					"@executable_path/Frameworks",
					"@loader_path/Frameworks",
				);
				PRODUCT_BUNDLE_IDENTIFIER = com.teddy.ThemovieDBwithMoyaUITests;
				PRODUCT_NAME = "$(TARGET_NAME)";
				SWIFT_VERSION = 5.0;
				TARGETED_DEVICE_FAMILY = "1,2";
				TEST_TARGET_NAME = ThemovieDBwithMoya;
			};
			name = Release;
		};
/* End XCBuildConfiguration section */

/* Begin XCConfigurationList section */
		9F5C6CF624CEAED80040F44D /* Build configuration list for PBXProject "ThemovieDBwithMoya" */ = {
			isa = XCConfigurationList;
			buildConfigurations = (
				9F5C6D2324CEAEDA0040F44D /* Debug */,
				9F5C6D2424CEAEDA0040F44D /* Release */,
			);
			defaultConfigurationIsVisible = 0;
			defaultConfigurationName = Release;
		};
		9F5C6D2524CEAEDA0040F44D /* Build configuration list for PBXNativeTarget "ThemovieDBwithMoya" */ = {
			isa = XCConfigurationList;
			buildConfigurations = (
				9F5C6D2624CEAEDA0040F44D /* Debug */,
				9F5C6D2724CEAEDA0040F44D /* Release */,
			);
			defaultConfigurationIsVisible = 0;
			defaultConfigurationName = Release;
		};
		9F5C6D2824CEAEDA0040F44D /* Build configuration list for PBXNativeTarget "ThemovieDBwithMoyaTests" */ = {
			isa = XCConfigurationList;
			buildConfigurations = (
				9F5C6D2924CEAEDA0040F44D /* Debug */,
				9F5C6D2A24CEAEDA0040F44D /* Release */,
			);
			defaultConfigurationIsVisible = 0;
			defaultConfigurationName = Release;
		};
		9F5C6D2B24CEAEDA0040F44D /* Build configuration list for PBXNativeTarget "ThemovieDBwithMoyaUITests" */ = {
			isa = XCConfigurationList;
			buildConfigurations = (
				9F5C6D2C24CEAEDA0040F44D /* Debug */,
				9F5C6D2D24CEAEDA0040F44D /* Release */,
			);
			defaultConfigurationIsVisible = 0;
			defaultConfigurationName = Release;
		};
/* End XCConfigurationList section */
	};
	rootObject = 9F5C6CF324CEAED80040F44D /* Project object */;
}
